
Microsoft Visual Studio Solution File, Format Version 12.00
# Visual Studio 15
VisualStudioVersion = 15.0.28010.0
MinimumVisualStudioVersion = 10.0.40219.1
Project("{FAE04EC0-301F-11D3-BF4B-00C04F79EFBC}") = "PicnicPlan", "Kent_Coding_Weather\PicnicPlan.csproj", "{DA61A4BF-9289-446C-BD18-581114D041CB}"
EndProject
Global
	GlobalSection(SolutionConfigurationPlatforms) = preSolution
		Debug|Any CPU = Debug|Any CPU
		Release|Any CPU = Release|Any CPU
	EndGlobalSection
	GlobalSection(ProjectConfigurationPlatforms) = postSolution
		{DA61A4BF-9289-446C-BD18-581114D041CB}.Debug|Any CPU.ActiveCfg = Debug|Any CPU
		{DA61A4BF-9289-446C-BD18-581114D041CB}.Debug|Any CPU.Build.0 = Debug|Any CPU
		{DA61A4BF-9289-446C-BD18-581114D041CB}.Release|Any CPU.ActiveCfg = Release|Any CPU
		{DA61A4BF-9289-446C-BD18-581114D041CB}.Release|Any CPU.Build.0 = Release|Any CPU
	EndGlobalSection
	GlobalSection(SolutionProperties) = preSolution
		HideSolutionNode = FALSE
	EndGlobalSection
	GlobalSection(ExtensibilityGlobals) = postSolution
		SolutionGuid = {8104E30B-610C-4542-8DC7-35E6019D8003}
	EndGlobalSection
EndGlobal
